{
  "name": "project-x",
  "version": "1.0.0",
  "lockfileVersion": 3,
  "requires": true,
  "packages": {
    "": {
      "name": "project-x",
      "version": "1.0.0",
      "dependencies": {
        "vue": "^3.2.0",
        "vue-router": "^4.0.0"
      },
      "devDependencies": {
        "@eslint/js": "^8.12.0",
        "@types/vue": "^3.2.0",
        "@vitejs/plugin-vue": "^3.2.0",
        "eslint": "^8.12.0",
        "eslint-plugin-vue": "^9.1.1",
        "globals": "^15.0.0",
        "vite": "^2.7.0"
      }
    },
    "node_modules/@vue/compiler-sfc": {
      "version": "3.2.0",
      "resolved": "https://registry.npmjs.org/@vue/compiler-sfc/-/compiler-sfc-3.2.0.tgz",
      "integrity": "sha512-G1lCp54YThbFjh/DehP5vFknxkZnHkEjZi+P3+PlOKv+Zm9nxlxZ5hJVRLC3D1FZ4TrDZUvc4c+ChLwzM2FD8g==",
      "dev": true,
      "license": "MIT"
    },
    "node_modules/@babel/helper-validator-identifier": {
      "version": "7.18.9",
      "resolved": "https://registry.npmjs.org/@babel/helper-validator-identifier/-/helper-validator-identifier-7.18.9.tgz",
      "integrity": "sha512-Km+DQ4MUaXtP1axZ3zS7yhjM0SOQ6G2DOLtZcPHc6BaS65wRBuZekPiD5r+AtuF6OsJtGoM6UnI6GLcJQpiQg==",
      "dev": true,
      "license": "MIT",
      "engines": {
        "node": ">=6.9.0"
      }
    },
    "node_modules/@babel/highlight": {
      "version": "7.24.0",
      "resolved": "https://registry.npmjs.org/@babel/highlight/-/highlight-7.24.0.tgz",
      "integrity": "sha512-3B49Fb/e7uXYHg/7T8sp5Z1RI4pbI+vnZ+QkEVG1RjHqHvRt/utSFEh3Psz9thLkaSD3Pf0fO/hWUVt8WrhYYQ==",
      "dev": true,
      "license": "MIT",
      "dependencies": {
        "js-tokens": "^5.0.0",
        "chalk": "^4.1.2"
      },
      "engines": {
        "node": ">=8.0.0"
      }
    }
  }
}
